
Microsoft Visual Studio Solution File, Format Version 12.00
# Visual Studio Version 17
VisualStudioVersion = 17.10.35013.160
MinimumVisualStudioVersion = 10.0.40219.1
Project("{FAE04EC0-301F-11D3-BF4B-00C04F79EFBC}") = "KudosePOC", "KudosePOC.csproj", "{A3307BFF-E99B-4457-8A8E-8B018691DBEA}"
EndProject
Global
	GlobalSection(SolutionConfigurationPlatforms) = preSolution
		Debug|Any CPU = Debug|Any CPU
		Release|Any CPU = Release|Any CPU
	EndGlobalSection
	GlobalSection(ProjectConfigurationPlatforms) = postSolution
		{A3307BFF-E99B-4457-8A8E-8B018691DBEA}.Debug|Any CPU.ActiveCfg = Debug|Any CPU
		{A3307BFF-E99B-4457-8A8E-8B018691DBEA}.Debug|Any CPU.Build.0 = Debug|Any CPU
		{A3307BFF-E99B-4457-8A8E-8B018691DBEA}.Debug|Any CPU.Deploy.0 = Debug|Any CPU
		{A3307BFF-E99B-4457-8A8E-8B018691DBEA}.Release|Any CPU.ActiveCfg = Release|Any CPU
		{A3307BFF-E99B-4457-8A8E-8B018691DBEA}.Release|Any CPU.Build.0 = Release|Any CPU
		{A3307BFF-E99B-4457-8A8E-8B018691DBEA}.Release|Any CPU.Deploy.0 = Release|Any CPU
	EndGlobalSection
	GlobalSection(SolutionProperties) = preSolution
		HideSolutionNode = FALSE
	EndGlobalSection
	GlobalSection(ExtensibilityGlobals) = postSolution
		SolutionGuid = {87DF8E33-7E10-4A10-9872-235B51F2EEB3}
	EndGlobalSection
EndGlobal
